// !$*UTF8*$!
{
	archiveVersion = 1;
	classes = {
	};
	objectVersion = 50;
	objects = {

/* Begin PBXBuildFile section */
		FA36231925647CD40076C4C7 /* CardDetailHeaderView.xib in Resources */ = {isa = PBXBuildFile; fileRef = FA36231825647CD40076C4C7 /* CardDetailHeaderView.xib */; };
		FA36231D256487E00076C4C7 /* CardDetailViewController+UICollectionViewDataSource.swift in Sources */ = {isa = PBXBuildFile; fileRef = FA36231C256487E00076C4C7 /* CardDetailViewController+UICollectionViewDataSource.swift */; };
		FA36231F256487F10076C4C7 /* CardDetailViewController+UICollectionViewDelegate.swift in Sources */ = {isa = PBXBuildFile; fileRef = FA36231E256487F10076C4C7 /* CardDetailViewController+UICollectionViewDelegate.swift */; };
		FA6A80982565C12500E958AA /* BarcodeTableViewCell.swift in Sources */ = {isa = PBXBuildFile; fileRef = FA6A80962565C12500E958AA /* BarcodeTableViewCell.swift */; };
		FA6A80992565C12500E958AA /* BarcodeTableViewCell.xib in Resources */ = {isa = PBXBuildFile; fileRef = FA6A80972565C12500E958AA /* BarcodeTableViewCell.xib */; };
		FA6A80A02567166A00E958AA /* CardDetailTextTableViewCell.swift in Sources */ = {isa = PBXBuildFile; fileRef = FA6A809E2567166A00E958AA /* CardDetailTextTableViewCell.swift */; };
		FA6A80A12567166A00E958AA /* CardDetailTextTableViewCell.xib in Resources */ = {isa = PBXBuildFile; fileRef = FA6A809F2567166A00E958AA /* CardDetailTextTableViewCell.xib */; };
		FA77F0BC255F334C00E8906C /* Images.xcassets in Resources */ = {isa = PBXBuildFile; fileRef = FA77F0BB255F334C00E8906C /* Images.xcassets */; };
		FA86C268255B317B00EBA974 /* CardDetailUI.h in Headers */ = {isa = PBXBuildFile; fileRef = FA86C266255B317B00EBA974 /* CardDetailUI.h */; settings = {ATTRIBUTES = (Public, ); }; };
		FA86C273255B344100EBA974 /* CardDetailViewController.swift in Sources */ = {isa = PBXBuildFile; fileRef = FA86C271255B344100EBA974 /* CardDetailViewController.swift */; };
		FA86C274255B344100EBA974 /* CardDetailViewController.xib in Resources */ = {isa = PBXBuildFile; fileRef = FA86C272255B344100EBA974 /* CardDetailViewController.xib */; };
		FA86C277255B35CA00EBA974 /* RSThemeKit.framework in Frameworks */ = {isa = PBXBuildFile; fileRef = FA86C276255B35CA00EBA974 /* RSThemeKit.framework */; };
		FA86C278255B35CA00EBA974 /* RSThemeKit.framework in Embed Frameworks */ = {isa = PBXBuildFile; fileRef = FA86C276255B35CA00EBA974 /* RSThemeKit.framework */; settings = {ATTRIBUTES = (CodeSignOnCopy, RemoveHeadersOnCopy, ); }; };
		FA86C27E255B3B7B00EBA974 /* CardDetailBuilder.swift in Sources */ = {isa = PBXBuildFile; fileRef = FA86C27D255B3B7B00EBA974 /* CardDetailBuilder.swift */; };
		FA86C280255B3BD000EBA974 /* CardDetailInteractor.swift in Sources */ = {isa = PBXBuildFile; fileRef = FA86C27F255B3BD000EBA974 /* CardDetailInteractor.swift */; };
		FA86C282255B45AF00EBA974 /* CommonUI.framework in Frameworks */ = {isa = PBXBuildFile; fileRef = FA86C281255B45AF00EBA974 /* CommonUI.framework */; };
		FA86C283255B45AF00EBA974 /* CommonUI.framework in Embed Frameworks */ = {isa = PBXBuildFile; fileRef = FA86C281255B45AF00EBA974 /* CommonUI.framework */; settings = {ATTRIBUTES = (CodeSignOnCopy, RemoveHeadersOnCopy, ); }; };
		FADD10952564709200BC18D0 /* CardDetailViewController+UITableViewDataSource.swift in Sources */ = {isa = PBXBuildFile; fileRef = FADD10942564709200BC18D0 /* CardDetailViewController+UITableViewDataSource.swift */; };
		FADD1097256470A200BC18D0 /* CardDetailViewController+UITableViewDelegate.swift in Sources */ = {isa = PBXBuildFile; fileRef = FADD1096256470A200BC18D0 /* CardDetailViewController+UITableViewDelegate.swift */; };
		FADD109A256473DA00BC18D0 /* CardDetailItem.swift in Sources */ = {isa = PBXBuildFile; fileRef = FADD1099256473DA00BC18D0 /* CardDetailItem.swift */; };
		FADD109C256475D900BC18D0 /* CardDetailHeaderView.swift in Sources */ = {isa = PBXBuildFile; fileRef = FADD109B256475D900BC18D0 /* CardDetailHeaderView.swift */; };
		FAF8ED9325607AE500537719 /* WalletCore.framework in Frameworks */ = {isa = PBXBuildFile; fileRef = FAF8ED9225607AE500537719 /* WalletCore.framework */; };
		FAF8ED9425607AE500537719 /* WalletCore.framework in Embed Frameworks */ = {isa = PBXBuildFile; fileRef = FAF8ED9225607AE500537719 /* WalletCore.framework */; settings = {ATTRIBUTES = (CodeSignOnCopy, RemoveHeadersOnCopy, ); }; };
		FAF8ED9625607AEF00537719 /* WalletPresentationData.framework in Frameworks */ = {isa = PBXBuildFile; fileRef = FAF8ED9525607AEF00537719 /* WalletPresentationData.framework */; };
		FAF8ED9725607AEF00537719 /* WalletPresentationData.framework in Embed Frameworks */ = {isa = PBXBuildFile; fileRef = FAF8ED9525607AEF00537719 /* WalletPresentationData.framework */; settings = {ATTRIBUTES = (CodeSignOnCopy, RemoveHeadersOnCopy, ); }; };
/* End PBXBuildFile section */

/* Begin PBXCopyFilesBuildPhase section */
		FA86C279255B35CB00EBA974 /* Embed Frameworks */ = {
			isa = PBXCopyFilesBuildPhase;
			buildActionMask = 2147483647;
			dstPath = "";
			dstSubfolderSpec = 10;
			files = (
				FA86C278255B35CA00EBA974 /* RSThemeKit.framework in Embed Frameworks */,
				FAF8ED9425607AE500537719 /* WalletCore.framework in Embed Frameworks */,
				FAF8ED9725607AEF00537719 /* WalletPresentationData.framework in Embed Frameworks */,
				FA86C283255B45AF00EBA974 /* CommonUI.framework in Embed Frameworks */,
			);
			name = "Embed Frameworks";
			runOnlyForDeploymentPostprocessing = 0;
		};
/* End PBXCopyFilesBuildPhase section */

/* Begin PBXFileReference section */
		FA36231825647CD40076C4C7 /* CardDetailHeaderView.xib */ = {isa = PBXFileReference; lastKnownFileType = file.xib; path = CardDetailHeaderView.xib; sourceTree = "<group>"; };
		FA36231C256487E00076C4C7 /* CardDetailViewController+UICollectionViewDataSource.swift */ = {isa = PBXFileReference; lastKnownFileType = sourcecode.swift; path = "CardDetailViewController+UICollectionViewDataSource.swift"; sourceTree = "<group>"; };
		FA36231E256487F10076C4C7 /* CardDetailViewController+UICollectionViewDelegate.swift */ = {isa = PBXFileReference; lastKnownFileType = sourcecode.swift; path = "CardDetailViewController+UICollectionViewDelegate.swift"; sourceTree = "<group>"; };
		FA6A80962565C12500E958AA /* BarcodeTableViewCell.swift */ = {isa = PBXFileReference; lastKnownFileType = sourcecode.swift; path = BarcodeTableViewCell.swift; sourceTree = "<group>"; };
		FA6A80972565C12500E958AA /* BarcodeTableViewCell.xib */ = {isa = PBXFileReference; lastKnownFileType = file.xib; path = BarcodeTableViewCell.xib; sourceTree = "<group>"; };
		FA6A809E2567166A00E958AA /* CardDetailTextTableViewCell.swift */ = {isa = PBXFileReference; lastKnownFileType = sourcecode.swift; path = CardDetailTextTableViewCell.swift; sourceTree = "<group>"; };
		FA6A809F2567166A00E958AA /* CardDetailTextTableViewCell.xib */ = {isa = PBXFileReference; lastKnownFileType = file.xib; path = CardDetailTextTableViewCell.xib; sourceTree = "<group>"; };
		FA77F0BB255F334C00E8906C /* Images.xcassets */ = {isa = PBXFileReference; lastKnownFileType = folder.assetcatalog; path = Images.xcassets; sourceTree = "<group>"; };
		FA86C263255B317B00EBA974 /* CardDetailUI.framework */ = {isa = PBXFileReference; explicitFileType = wrapper.framework; includeInIndex = 0; path = CardDetailUI.framework; sourceTree = BUILT_PRODUCTS_DIR; };
		FA86C266255B317B00EBA974 /* CardDetailUI.h */ = {isa = PBXFileReference; lastKnownFileType = sourcecode.c.h; path = CardDetailUI.h; sourceTree = "<group>"; };
		FA86C267255B317B00EBA974 /* Info.plist */ = {isa = PBXFileReference; lastKnownFileType = text.plist.xml; path = Info.plist; sourceTree = "<group>"; };
		FA86C271255B344100EBA974 /* CardDetailViewController.swift */ = {isa = PBXFileReference; lastKnownFileType = sourcecode.swift; path = CardDetailViewController.swift; sourceTree = "<group>"; };
		FA86C272255B344100EBA974 /* CardDetailViewController.xib */ = {isa = PBXFileReference; lastKnownFileType = file.xib; path = CardDetailViewController.xib; sourceTree = "<group>"; };
		FA86C276255B35CA00EBA974 /* RSThemeKit.framework */ = {isa = PBXFileReference; explicitFileType = wrapper.framework; path = RSThemeKit.framework; sourceTree = BUILT_PRODUCTS_DIR; };
		FA86C27D255B3B7B00EBA974 /* CardDetailBuilder.swift */ = {isa = PBXFileReference; lastKnownFileType = sourcecode.swift; path = CardDetailBuilder.swift; sourceTree = "<group>"; };
		FA86C27F255B3BD000EBA974 /* CardDetailInteractor.swift */ = {isa = PBXFileReference; lastKnownFileType = sourcecode.swift; path = CardDetailInteractor.swift; sourceTree = "<group>"; };
		FA86C281255B45AF00EBA974 /* CommonUI.framework */ = {isa = PBXFileReference; explicitFileType = wrapper.framework; path = CommonUI.framework; sourceTree = BUILT_PRODUCTS_DIR; };
		FADD10942564709200BC18D0 /* CardDetailViewController+UITableViewDataSource.swift */ = {isa = PBXFileReference; lastKnownFileType = sourcecode.swift; path = "CardDetailViewController+UITableViewDataSource.swift"; sourceTree = "<group>"; };
		FADD1096256470A200BC18D0 /* CardDetailViewController+UITableViewDelegate.swift */ = {isa = PBXFileReference; lastKnownFileType = sourcecode.swift; path = "CardDetailViewController+UITableViewDelegate.swift"; sourceTree = "<group>"; };
		FADD1099256473DA00BC18D0 /* CardDetailItem.swift */ = {isa = PBXFileReference; lastKnownFileType = sourcecode.swift; path = CardDetailItem.swift; sourceTree = "<group>"; };
		FADD109B256475D900BC18D0 /* CardDetailHeaderView.swift */ = {isa = PBXFileReference; lastKnownFileType = sourcecode.swift; path = CardDetailHeaderView.swift; sourceTree = "<group>"; };
		FAF8ED9225607AE500537719 /* WalletCore.framework */ = {isa = PBXFileReference; explicitFileType = wrapper.framework; path = WalletCore.framework; sourceTree = BUILT_PRODUCTS_DIR; };
		FAF8ED9525607AEF00537719 /* WalletPresentationData.framework */ = {isa = PBXFileReference; explicitFileType = wrapper.framework; path = WalletPresentationData.framework; sourceTree = BUILT_PRODUCTS_DIR; };
/* End PBXFileReference section */

/* Begin PBXFrameworksBuildPhase section */
		FA86C260255B317B00EBA974 /* Frameworks */ = {
			isa = PBXFrameworksBuildPhase;
			buildActionMask = 2147483647;
			files = (
				FA86C277255B35CA00EBA974 /* RSThemeKit.framework in Frameworks */,
				FAF8ED9325607AE500537719 /* WalletCore.framework in Frameworks */,
				FAF8ED9625607AEF00537719 /* WalletPresentationData.framework in Frameworks */,
				FA86C282255B45AF00EBA974 /* CommonUI.framework in Frameworks */,
			);
			runOnlyForDeploymentPostprocessing = 0;
		};
/* End PBXFrameworksBuildPhase section */

/* Begin PBXGroup section */
		FA36231A256487BC0076C4C7 /* TableView */ = {
			isa = PBXGroup;
			children = (
				FADD10942564709200BC18D0 /* CardDetailViewController+UITableViewDataSource.swift */,
				FADD1096256470A200BC18D0 /* CardDetailViewController+UITableViewDelegate.swift */,
			);
			path = TableView;
			sourceTree = "<group>";
		};
		FA36231B256487C70076C4C7 /* CollectionView */ = {
			isa = PBXGroup;
			children = (
				FA36231C256487E00076C4C7 /* CardDetailViewController+UICollectionViewDataSource.swift */,
				FA36231E256487F10076C4C7 /* CardDetailViewController+UICollectionViewDelegate.swift */,
			);
			path = CollectionView;
			sourceTree = "<group>";
		};
		FA6A809A2565C1A200E958AA /* Cells */ = {
			isa = PBXGroup;
			children = (
				FA6A80962565C12500E958AA /* BarcodeTableViewCell.swift */,
				FA6A80972565C12500E958AA /* BarcodeTableViewCell.xib */,
				FA6A809E2567166A00E958AA /* CardDetailTextTableViewCell.swift */,
				FA6A809F2567166A00E958AA /* CardDetailTextTableViewCell.xib */,
			);
			path = Cells;
			sourceTree = "<group>";
		};
		FA77F0BD255F335200E8906C /* Resource */ = {
			isa = PBXGroup;
			children = (
				FA77F0BB255F334C00E8906C /* Images.xcassets */,
			);
			path = Resource;
			sourceTree = "<group>";
		};
		FA86C259255B317B00EBA974 = {
			isa = PBXGroup;
			children = (
				FA77F0BD255F335200E8906C /* Resource */,
				FA86C26E255B33A900EBA974 /* Source */,
				FA86C265255B317B00EBA974 /* CardDetailUI */,
				FA86C264255B317B00EBA974 /* Products */,
				FA86C275255B35CA00EBA974 /* Frameworks */,
			);
			sourceTree = "<group>";
		};
		FA86C264255B317B00EBA974 /* Products */ = {
			isa = PBXGroup;
			children = (
				FA86C263255B317B00EBA974 /* CardDetailUI.framework */,
			);
			name = Products;
			sourceTree = "<group>";
		};
		FA86C265255B317B00EBA974 /* CardDetailUI */ = {
			isa = PBXGroup;
			children = (
				FA86C266255B317B00EBA974 /* CardDetailUI.h */,
				FA86C267255B317B00EBA974 /* Info.plist */,
			);
			path = CardDetailUI;
			sourceTree = "<group>";
		};
		FA86C26E255B33A900EBA974 /* Source */ = {
			isa = PBXGroup;
			children = (
				FADD10932564707400BC18D0 /* Extensions */,
				FA86C26F255B33ED00EBA974 /* Controller */,
				FADD1098256473C300BC18D0 /* Model */,
				FA86C270255B340700EBA974 /* View */,
			);
			path = Source;
			sourceTree = "<group>";
		};
		FA86C26F255B33ED00EBA974 /* Controller */ = {
			isa = PBXGroup;
			children = (
				FA86C271255B344100EBA974 /* CardDetailViewController.swift */,
				FA86C27F255B3BD000EBA974 /* CardDetailInteractor.swift */,
				FA86C27D255B3B7B00EBA974 /* CardDetailBuilder.swift */,
			);
			path = Controller;
			sourceTree = "<group>";
		};
		FA86C270255B340700EBA974 /* View */ = {
			isa = PBXGroup;
			children = (
				FA6A809A2565C1A200E958AA /* Cells */,
				FA86C272255B344100EBA974 /* CardDetailViewController.xib */,
				FADD109B256475D900BC18D0 /* CardDetailHeaderView.swift */,
				FA36231825647CD40076C4C7 /* CardDetailHeaderView.xib */,
			);
			path = View;
			sourceTree = "<group>";
		};
		FA86C275255B35CA00EBA974 /* Frameworks */ = {
			isa = PBXGroup;
			children = (
				FAF8ED9525607AEF00537719 /* WalletPresentationData.framework */,
				FAF8ED9225607AE500537719 /* WalletCore.framework */,
				FA86C281255B45AF00EBA974 /* CommonUI.framework */,
				FA86C276255B35CA00EBA974 /* RSThemeKit.framework */,
			);
			name = Frameworks;
			sourceTree = "<group>";
		};
		FADD10932564707400BC18D0 /* Extensions */ = {
			isa = PBXGroup;
			children = (
				FA36231B256487C70076C4C7 /* CollectionView */,
				FA36231A256487BC0076C4C7 /* TableView */,
			);
			path = Extensions;
			sourceTree = "<group>";
		};
		FADD1098256473C300BC18D0 /* Model */ = {
			isa = PBXGroup;
			children = (
				FADD1099256473DA00BC18D0 /* CardDetailItem.swift */,
			);
			path = Model;
			sourceTree = "<group>";
		};
/* End PBXGroup section */

/* Begin PBXHeadersBuildPhase section */
		FA86C25E255B317B00EBA974 /* Headers */ = {
			isa = PBXHeadersBuildPhase;
			buildActionMask = 2147483647;
			files = (
				FA86C268255B317B00EBA974 /* CardDetailUI.h in Headers */,
			);
			runOnlyForDeploymentPostprocessing = 0;
		};
/* End PBXHeadersBuildPhase section */

/* Begin PBXNativeTarget section */
		FA86C262255B317B00EBA974 /* CardDetailUI */ = {
			isa = PBXNativeTarget;
			buildConfigurationList = FA86C26B255B317B00EBA974 /* Build configuration list for PBXNativeTarget "CardDetailUI" */;
			buildPhases = (
				FA86C25E255B317B00EBA974 /* Headers */,
				FA86C25F255B317B00EBA974 /* Sources */,
				FA86C260255B317B00EBA974 /* Frameworks */,
				FA86C261255B317B00EBA974 /* Resources */,
				FA86C279255B35CB00EBA974 /* Embed Frameworks */,
			);
			buildRules = (
			);
			dependencies = (
			);
			name = CardDetailUI;
			productName = CardDetailUI;
			productReference = FA86C263255B317B00EBA974 /* CardDetailUI.framework */;
			productType = "com.apple.product-type.framework";
		};
/* End PBXNativeTarget section */

/* Begin PBXProject section */
		FA86C25A255B317B00EBA974 /* Project object */ = {
			isa = PBXProject;
			attributes = {
				LastUpgradeCheck = 1160;
				ORGANIZATIONNAME = Robert;
				TargetAttributes = {
					FA86C262255B317B00EBA974 = {
						CreatedOnToolsVersion = 11.6;
						LastSwiftMigration = 1160;
					};
				};
			};
			buildConfigurationList = FA86C25D255B317B00EBA974 /* Build configuration list for PBXProject "CardDetailUI" */;
			compatibilityVersion = "Xcode 9.3";
			developmentRegion = en;
			hasScannedForEncodings = 0;
			knownRegions = (
				en,
				Base,
			);
			mainGroup = FA86C259255B317B00EBA974;
			productRefGroup = FA86C264255B317B00EBA974 /* Products */;
			projectDirPath = "";
			projectRoot = "";
			targets = (
				FA86C262255B317B00EBA974 /* CardDetailUI */,
			);
		};
/* End PBXProject section */

/* Begin PBXResourcesBuildPhase section */
		FA86C261255B317B00EBA974 /* Resources */ = {
			isa = PBXResourcesBuildPhase;
			buildActionMask = 2147483647;
			files = (
				FA6A80992565C12500E958AA /* BarcodeTableViewCell.xib in Resources */,
				FA86C274255B344100EBA974 /* CardDetailViewController.xib in Resources */,
				FA6A80A12567166A00E958AA /* CardDetailTextTableViewCell.xib in Resources */,
				FA36231925647CD40076C4C7 /* CardDetailHeaderView.xib in Resources */,
				FA77F0BC255F334C00E8906C /* Images.xcassets in Resources */,
			);
			runOnlyForDeploymentPostprocessing = 0;
		};
/* End PBXResourcesBuildPhase section */

/* Begin PBXSourcesBuildPhase section */
		FA86C25F255B317B00EBA974 /* Sources */ = {
			isa = PBXSourcesBuildPhase;
			buildActionMask = 2147483647;
			files = (
				FA86C27E255B3B7B00EBA974 /* CardDetailBuilder.swift in Sources */,
				FADD1097256470A200BC18D0 /* CardDetailViewController+UITableViewDelegate.swift in Sources */,
				FA36231F256487F10076C4C7 /* CardDetailViewController+UICollectionViewDelegate.swift in Sources */,
				FADD109C256475D900BC18D0 /* CardDetailHeaderView.swift in Sources */,
				FA36231D256487E00076C4C7 /* CardDetailViewController+UICollectionViewDataSource.swift in Sources */,
				FA86C280255B3BD000EBA974 /* CardDetailInteractor.swift in Sources */,
				FA6A80982565C12500E958AA /* BarcodeTableViewCell.swift in Sources */,
				FADD10952564709200BC18D0 /* CardDetailViewController+UITableViewDataSource.swift in Sources */,
				FA86C273255B344100EBA974 /* CardDetailViewController.swift in Sources */,
				FADD109A256473DA00BC18D0 /* CardDetailItem.swift in Sources */,
				FA6A80A02567166A00E958AA /* CardDetailTextTableViewCell.swift in Sources */,
			);
			runOnlyForDeploymentPostprocessing = 0;
		};
/* End PBXSourcesBuildPhase section */

/* Begin XCBuildConfiguration section */
		FA86C269255B317B00EBA974 /* Debug */ = {
			isa = XCBuildConfiguration;
			buildSettings = {
				ALWAYS_SEARCH_USER_PATHS = NO;
				CLANG_ANALYZER_NONNULL = YES;
				CLANG_ANALYZER_NUMBER_OBJECT_CONVERSION = YES_AGGRESSIVE;
				CLANG_CXX_LANGUAGE_STANDARD = "gnu++14";
				CLANG_CXX_LIBRARY = "libc++";
				CLANG_ENABLE_MODULES = YES;
				CLANG_ENABLE_OBJC_ARC = YES;
				CLANG_ENABLE_OBJC_WEAK = YES;
				CLANG_WARN_BLOCK_CAPTURE_AUTORELEASING = YES;
				CLANG_WARN_BOOL_CONVERSION = YES;
				CLANG_WARN_COMMA = YES;
				CLANG_WARN_CONSTANT_CONVERSION = YES;
				CLANG_WARN_DEPRECATED_OBJC_IMPLEMENTATIONS = YES;
				CLANG_WARN_DIRECT_OBJC_ISA_USAGE = YES_ERROR;
				CLANG_WARN_DOCUMENTATION_COMMENTS = YES;
				CLANG_WARN_EMPTY_BODY = YES;
				CLANG_WARN_ENUM_CONVERSION = YES;
				CLANG_WARN_INFINITE_RECURSION = YES;
				CLANG_WARN_INT_CONVERSION = YES;
				CLANG_WARN_NON_LITERAL_NULL_CONVERSION = YES;
				CLANG_WARN_OBJC_IMPLICIT_RETAIN_SELF = YES;
				CLANG_WARN_OBJC_LITERAL_CONVERSION = YES;
				CLANG_WARN_OBJC_ROOT_CLASS = YES_ERROR;
				CLANG_WARN_RANGE_LOOP_ANALYSIS = YES;
				CLANG_WARN_STRICT_PROTOTYPES = YES;
				CLANG_WARN_SUSPICIOUS_MOVE = YES;
				CLANG_WARN_UNGUARDED_AVAILABILITY = YES_AGGRESSIVE;
				CLANG_WARN_UNREACHABLE_CODE = YES;
				CLANG_WARN__DUPLICATE_METHOD_MATCH = YES;
				COPY_PHASE_STRIP = NO;
				CURRENT_PROJECT_VERSION = 1;
				DEBUG_INFORMATION_FORMAT = dwarf;
				ENABLE_STRICT_OBJC_MSGSEND = YES;
				ENABLE_TESTABILITY = YES;
				GCC_C_LANGUAGE_STANDARD = gnu11;
				GCC_DYNAMIC_NO_PIC = NO;
				GCC_NO_COMMON_BLOCKS = YES;
				GCC_OPTIMIZATION_LEVEL = 0;
				GCC_PREPROCESSOR_DEFINITIONS = (
					"DEBUG=1",
					"$(inherited)",
				);
				GCC_WARN_64_TO_32_BIT_CONVERSION = YES;
				GCC_WARN_ABOUT_RETURN_TYPE = YES_ERROR;
				GCC_WARN_UNDECLARED_SELECTOR = YES;
				GCC_WARN_UNINITIALIZED_AUTOS = YES_AGGRESSIVE;
				GCC_WARN_UNUSED_FUNCTION = YES;
				GCC_WARN_UNUSED_VARIABLE = YES;
				IPHONEOS_DEPLOYMENT_TARGET = 13.6;
				MTL_ENABLE_DEBUG_INFO = INCLUDE_SOURCE;
				MTL_FAST_MATH = YES;
				ONLY_ACTIVE_ARCH = YES;
				SDKROOT = iphoneos;
				SWIFT_ACTIVE_COMPILATION_CONDITIONS = DEBUG;
				SWIFT_OPTIMIZATION_LEVEL = "-Onone";
				VERSIONING_SYSTEM = "apple-generic";
				VERSION_INFO_PREFIX = "";
			};
			name = Debug;
		};
		FA86C26A255B317B00EBA974 /* Release */ = {
			isa = XCBuildConfiguration;
			buildSettings = {
				ALWAYS_SEARCH_USER_PATHS = NO;
				CLANG_ANALYZER_NONNULL = YES;
				CLANG_ANALYZER_NUMBER_OBJECT_CONVERSION = YES_AGGRESSIVE;
				CLANG_CXX_LANGUAGE_STANDARD = "gnu++14";
				CLANG_CXX_LIBRARY = "libc++";
				CLANG_ENABLE_MODULES = YES;
				CLANG_ENABLE_OBJC_ARC = YES;
				CLANG_ENABLE_OBJC_WEAK = YES;
				CLANG_WARN_BLOCK_CAPTURE_AUTORELEASING = YES;
				CLANG_WARN_BOOL_CONVERSION = YES;
				CLANG_WARN_COMMA = YES;
				CLANG_WARN_CONSTANT_CONVERSION = YES;
				CLANG_WARN_DEPRECATED_OBJC_IMPLEMENTATIONS = YES;
				CLANG_WARN_DIRECT_OBJC_ISA_USAGE = YES_ERROR;
				CLANG_WARN_DOCUMENTATION_COMMENTS = YES;
				CLANG_WARN_EMPTY_BODY = YES;
				CLANG_WARN_ENUM_CONVERSION = YES;
				CLANG_WARN_INFINITE_RECURSION = YES;
				CLANG_WARN_INT_CONVERSION = YES;
				CLANG_WARN_NON_LITERAL_NULL_CONVERSION = YES;
				CLANG_WARN_OBJC_IMPLICIT_RETAIN_SELF = YES;
				CLANG_WARN_OBJC_LITERAL_CONVERSION = YES;
				CLANG_WARN_OBJC_ROOT_CLASS = YES_ERROR;
				CLANG_WARN_RANGE_LOOP_ANALYSIS = YES;
				CLANG_WARN_STRICT_PROTOTYPES = YES;
				CLANG_WARN_SUSPICIOUS_MOVE = YES;
				CLANG_WARN_UNGUARDED_AVAILABILITY = YES_AGGRESSIVE;
				CLANG_WARN_UNREACHABLE_CODE = YES;
				CLANG_WARN__DUPLICATE_METHOD_MATCH = YES;
				COPY_PHASE_STRIP = NO;
				CURRENT_PROJECT_VERSION = 1;
				DEBUG_INFORMATION_FORMAT = "dwarf-with-dsym";
				ENABLE_NS_ASSERTIONS = NO;
				ENABLE_STRICT_OBJC_MSGSEND = YES;
				GCC_C_LANGUAGE_STANDARD = gnu11;
				GCC_NO_COMMON_BLOCKS = YES;
				GCC_WARN_64_TO_32_BIT_CONVERSION = YES;
				GCC_WARN_ABOUT_RETURN_TYPE = YES_ERROR;
				GCC_WARN_UNDECLARED_SELECTOR = YES;
				GCC_WARN_UNINITIALIZED_AUTOS = YES_AGGRESSIVE;
				GCC_WARN_UNUSED_FUNCTION = YES;
				GCC_WARN_UNUSED_VARIABLE = YES;
				IPHONEOS_DEPLOYMENT_TARGET = 13.6;
				MTL_ENABLE_DEBUG_INFO = NO;
				MTL_FAST_MATH = YES;
				SDKROOT = iphoneos;
				SWIFT_COMPILATION_MODE = wholemodule;
				SWIFT_OPTIMIZATION_LEVEL = "-O";
				VALIDATE_PRODUCT = YES;
				VERSIONING_SYSTEM = "apple-generic";
				VERSION_INFO_PREFIX = "";
			};
			name = Release;
		};
		FA86C26C255B317B00EBA974 /* Debug */ = {
			isa = XCBuildConfiguration;
			buildSettings = {
				CLANG_ENABLE_MODULES = YES;
				CODE_SIGN_STYLE = Automatic;
				DEFINES_MODULE = YES;
				DEVELOPMENT_TEAM = VY2ZB4KW5J;
				DYLIB_COMPATIBILITY_VERSION = 1;
				DYLIB_CURRENT_VERSION = 1;
				DYLIB_INSTALL_NAME_BASE = "@rpath";
				INFOPLIST_FILE = CardDetailUI/Info.plist;
				INSTALL_PATH = "$(LOCAL_LIBRARY_DIR)/Frameworks";
				IPHONEOS_DEPLOYMENT_TARGET = 11.0;
				LD_RUNPATH_SEARCH_PATHS = (
					"$(inherited)",
					"@executable_path/Frameworks",
					"@loader_path/Frameworks",
				);
				PRODUCT_BUNDLE_IDENTIFIER = com.rs.CardDetailUI;
				PRODUCT_NAME = "$(TARGET_NAME:c99extidentifier)";
				SKIP_INSTALL = YES;
				SWIFT_OPTIMIZATION_LEVEL = "-Onone";
				SWIFT_VERSION = 5.0;
				TARGETED_DEVICE_FAMILY = "1,2";
			};
			name = Debug;
		};
		FA86C26D255B317B00EBA974 /* Release */ = {
			isa = XCBuildConfiguration;
			buildSettings = {
				CLANG_ENABLE_MODULES = YES;
				CODE_SIGN_STYLE = Automatic;
				DEFINES_MODULE = YES;
				DEVELOPMENT_TEAM = VY2ZB4KW5J;
				DYLIB_COMPATIBILITY_VERSION = 1;
				DYLIB_CURRENT_VERSION = 1;
				DYLIB_INSTALL_NAME_BASE = "@rpath";
				INFOPLIST_FILE = CardDetailUI/Info.plist;
				INSTALL_PATH = "$(LOCAL_LIBRARY_DIR)/Frameworks";
				IPHONEOS_DEPLOYMENT_TARGET = 11.0;
				LD_RUNPATH_SEARCH_PATHS = (
					"$(inherited)",
					"@executable_path/Frameworks",
					"@loader_path/Frameworks",
				);
				PRODUCT_BUNDLE_IDENTIFIER = com.rs.CardDetailUI;
				PRODUCT_NAME = "$(TARGET_NAME:c99extidentifier)";
				SKIP_INSTALL = YES;
				SWIFT_VERSION = 5.0;
				TARGETED_DEVICE_FAMILY = "1,2";
			};
			name = Release;
		};
/* End XCBuildConfiguration section */

/* Begin XCConfigurationList section */
		FA86C25D255B317B00EBA974 /* Build configuration list for PBXProject "CardDetailUI" */ = {
			isa = XCConfigurationList;
			buildConfigurations = (
				FA86C269255B317B00EBA974 /* Debug */,
				FA86C26A255B317B00EBA974 /* Release */,
			);
			defaultConfigurationIsVisible = 0;
			defaultConfigurationName = Release;
		};
		FA86C26B255B317B00EBA974 /* Build configuration list for PBXNativeTarget "CardDetailUI" */ = {
			isa = XCConfigurationList;
			buildConfigurations = (
				FA86C26C255B317B00EBA974 /* Debug */,
				FA86C26D255B317B00EBA974 /* Release */,
			);
			defaultConfigurationIsVisible = 0;
			defaultConfigurationName = Release;
		};
/* End XCConfigurationList section */
	};
	rootObject = FA86C25A255B317B00EBA974 /* Project object */;
}
